Microsoft Visual Studio Solution File, Format Version 10.00
# Visual Studio 2008
Project("{FAE04EC0-301F-11D3-BF4B-00C04F79EFBC}") = "RegexExplorer", "RegexExplorer.csproj", "{628F7314-89FC-4CA4-AC5E-5F8BB48A9689}"
EndProject
Project("{54435603-DBB4-11D2-8724-00A0C9A8B90C}") = "Setup", "Setup\Setup.vdproj", "{99E4E20F-BF55-4221-AF71-BC816FFFF6D8}"
EndProject
Project("{2150E333-8FDC-42A3-9474-1A3956D46DE8}") = "Solution Items", "Solution Items", "{AC5DACF7-64E0-481C-895C-652D73536601}"
EndProject
Global
	GlobalSection(SolutionConfigurationPlatforms) = preSolution
		Debug|Any CPU = Debug|Any CPU
		Release|Any CPU = Release|Any CPU
	EndGlobalSection
	GlobalSection(ProjectConfigurationPlatforms) = postSolution
		{628F7314-89FC-4CA4-AC5E-5F8BB48A9689}.Debug|Any CPU.ActiveCfg = Debug|Any CPU
		{628F7314-89FC-4CA4-AC5E-5F8BB48A9689}.Release|Any CPU.ActiveCfg = Release|Any CPU
		{628F7314-89FC-4CA4-AC5E-5F8BB48A9689}.Release|Any CPU.Build.0 = Release|Any CPU
		{99E4E20F-BF55-4221-AF71-BC816FFFF6D8}.Debug|Any CPU.ActiveCfg = Debug
		{99E4E20F-BF55-4221-AF71-BC816FFFF6D8}.Release|Any CPU.ActiveCfg = Release
	EndGlobalSection
	GlobalSection(SolutionProperties) = preSolution
		HideSolutionNode = FALSE
	EndGlobalSection
EndGlobal
